// !$*UTF8*$!
{
	archiveVersion = 1;
	classes = {
	};
	objectVersion = 46;
	objects = {

/* Begin PBXBuildFile section */
		E4E5A1ED19819C0A008445DF /* Foundation.framework in Frameworks */ = {isa = PBXBuildFile; fileRef = E4E5A1EC19819C0A008445DF /* Foundation.framework */; };
		E4E5A1EF19819C0A008445DF /* CoreGraphics.framework in Frameworks */ = {isa = PBXBuildFile; fileRef = E4E5A1EE19819C0A008445DF /* CoreGraphics.framework */; };
		E4E5A1F119819C0A008445DF /* UIKit.framework in Frameworks */ = {isa = PBXBuildFile; fileRef = E4E5A1F019819C0A008445DF /* UIKit.framework */; };
		E4E5A1F719819C0A008445DF /* InfoPlist.strings in Resources */ = {isa = PBXBuildFile; fileRef = E4E5A1F519819C0A008445DF /* InfoPlist.strings */; };
		E4E5A1F919819C0A008445DF /* main.m in Sources */ = {isa = PBXBuildFile; fileRef = E4E5A1F819819C0A008445DF /* main.m */; };
		E4E5A1FD19819C0A008445DF /* AppDelegate.m in Sources */ = {isa = PBXBuildFile; fileRef = E4E5A1FC19819C0A008445DF /* AppDelegate.m */; };
		E4E5A20019819C0A008445DF /* Main.storyboard in Resources */ = {isa = PBXBuildFile; fileRef = E4E5A1FE19819C0A008445DF /* Main.storyboard */; };
		E4E5A20319819C0A008445DF /* ViewController.m in Sources */ = {isa = PBXBuildFile; fileRef = E4E5A20219819C0A008445DF /* ViewController.m */; };
		E4E5A20519819C0A008445DF /* Images.xcassets in Resources */ = {isa = PBXBuildFile; fileRef = E4E5A20419819C0A008445DF /* Images.xcassets */; };
		E4E5A20C19819C0A008445DF /* XCTest.framework in Frameworks */ = {isa = PBXBuildFile; fileRef = E4E5A20B19819C0A008445DF /* XCTest.framework */; };
		E4E5A20D19819C0A008445DF /* Foundation.framework in Frameworks */ = {isa = PBXBuildFile; fileRef = E4E5A1EC19819C0A008445DF /* Foundation.framework */; };
		E4E5A20E19819C0A008445DF /* UIKit.framework in Frameworks */ = {isa = PBXBuildFile; fileRef = E4E5A1F019819C0A008445DF /* UIKit.framework */; };
		E4E5A21619819C0A008445DF /* InfoPlist.strings in Resources */ = {isa = PBXBuildFile; fileRef = E4E5A21419819C0A008445DF /* InfoPlist.strings */; };
		E4E5A21819819C0A008445DF /* TicTacToeTests.m in Sources */ = {isa = PBXBuildFile; fileRef = E4E5A21719819C0A008445DF /* TicTacToeTests.m */; };
/* End PBXBuildFile section */

/* Begin PBXContainerItemProxy section */
		E4E5A20F19819C0A008445DF /* PBXContainerItemProxy */ = {
			isa = PBXContainerItemProxy;
			containerPortal = E4E5A1E119819C0A008445DF /* Project object */;
			proxyType = 1;
			remoteGlobalIDString = E4E5A1E819819C0A008445DF;
			remoteInfo = TicTacToe;
		};
/* End PBXContainerItemProxy section */

/* Begin PBXFileReference section */
		E4E5A1E919819C0A008445DF /* TicTacToe.app */ = {isa = PBXFileReference; explicitFileType = wrapper.application; includeInIndex = 0; path = TicTacToe.app; sourceTree = BUILT_PRODUCTS_DIR; };
		E4E5A1EC19819C0A008445DF /* Foundation.framework */ = {isa = PBXFileReference; lastKnownFileType = wrapper.framework; name = Foundation.framework; path = System/Library/Frameworks/Foundation.framework; sourceTree = SDKROOT; };
		E4E5A1EE19819C0A008445DF /* CoreGraphics.framework */ = {isa = PBXFileReference; lastKnownFileType = wrapper.framework; name = CoreGraphics.framework; path = System/Library/Frameworks/CoreGraphics.framework; sourceTree = SDKROOT; };
		E4E5A1F019819C0A008445DF /* UIKit.framework */ = {isa = PBXFileReference; lastKnownFileType = wrapper.framework; name = UIKit.framework; path = System/Library/Frameworks/UIKit.framework; sourceTree = SDKROOT; };
		E4E5A1F419819C0A008445DF /* TicTacToe-Info.plist */ = {isa = PBXFileReference; lastKnownFileType = text.plist.xml; path = "TicTacToe-Info.plist"; sourceTree = "<group>"; };
		E4E5A1F619819C0A008445DF /* en */ = {isa = PBXFileReference; lastKnownFileType = text.plist.strings; name = en; path = en.lproj/InfoPlist.strings; sourceTree = "<group>"; };
		E4E5A1F819819C0A008445DF /* main.m */ = {isa = PBXFileReference; lastKnownFileType = sourcecode.c.objc; path = main.m; sourceTree = "<group>"; };
		E4E5A1FA19819C0A008445DF /* TicTacToe-Prefix.pch */ = {isa = PBXFileReference; lastKnownFileType = sourcecode.c.h; path = "TicTacToe-Prefix.pch"; sourceTree = "<group>"; };
		E4E5A1FB19819C0A008445DF /* AppDelegate.h */ = {isa = PBXFileReference; lastKnownFileType = sourcecode.c.h; path = AppDelegate.h; sourceTree = "<group>"; };
		E4E5A1FC19819C0A008445DF /* AppDelegate.m */ = {isa = PBXFileReference; lastKnownFileType = sourcecode.c.objc; path = AppDelegate.m; sourceTree = "<group>"; };
		E4E5A1FF19819C0A008445DF /* Base */ = {isa = PBXFileReference; lastKnownFileType = file.storyboard; name = Base; path = Base.lproj/Main.storyboard; sourceTree = "<group>"; };
		E4E5A20119819C0A008445DF /* ViewController.h */ = {isa = PBXFileReference; lastKnownFileType = sourcecode.c.h; path = ViewController.h; sourceTree = "<group>"; };
		E4E5A20219819C0A008445DF /* ViewController.m */ = {isa = PBXFileReference; lastKnownFileType = sourcecode.c.objc; path = ViewController.m; sourceTree = "<group>"; };
		E4E5A20419819C0A008445DF /* Images.xcassets */ = {isa = PBXFileReference; lastKnownFileType = folder.assetcatalog; path = Images.xcassets; sourceTree = "<group>"; };
		E4E5A20A19819C0A008445DF /* TicTacToeTests.xctest */ = {isa = PBXFileReference; explicitFileType = wrapper.cfbundle; includeInIndex = 0; path = TicTacToeTests.xctest; sourceTree = BUILT_PRODUCTS_DIR; };
		E4E5A20B19819C0A008445DF /* XCTest.framework */ = {isa = PBXFileReference; lastKnownFileType = wrapper.framework; name = XCTest.framework; path = Library/Frameworks/XCTest.framework; sourceTree = DEVELOPER_DIR; };
		E4E5A21319819C0A008445DF /* TicTacToeTests-Info.plist */ = {isa = PBXFileReference; lastKnownFileType = text.plist.xml; path = "TicTacToeTests-Info.plist"; sourceTree = "<group>"; };
		E4E5A21519819C0A008445DF /* en */ = {isa = PBXFileReference; lastKnownFileType = text.plist.strings; name = en; path = en.lproj/InfoPlist.strings; sourceTree = "<group>"; };
		E4E5A21719819C0A008445DF /* TicTacToeTests.m */ = {isa = PBXFileReference; lastKnownFileType = sourcecode.c.objc; path = TicTacToeTests.m; sourceTree = "<group>"; };
/* End PBXFileReference section */

/* Begin PBXFrameworksBuildPhase section */
		E4E5A1E619819C0A008445DF /* Frameworks */ = {
			isa = PBXFrameworksBuildPhase;
			buildActionMask = 2147483647;
			files = (
				E4E5A1EF19819C0A008445DF /* CoreGraphics.framework in Frameworks */,
				E4E5A1F119819C0A008445DF /* UIKit.framework in Frameworks */,
				E4E5A1ED19819C0A008445DF /* Foundation.framework in Frameworks */,
			);
			runOnlyForDeploymentPostprocessing = 0;
		};
		E4E5A20719819C0A008445DF /* Frameworks */ = {
			isa = PBXFrameworksBuildPhase;
			buildActionMask = 2147483647;
			files = (
				E4E5A20C19819C0A008445DF /* XCTest.framework in Frameworks */,
				E4E5A20E19819C0A008445DF /* UIKit.framework in Frameworks */,
				E4E5A20D19819C0A008445DF /* Foundation.framework in Frameworks */,
			);
			runOnlyForDeploymentPostprocessing = 0;
		};
/* End PBXFrameworksBuildPhase section */

/* Begin PBXGroup section */
		E4E5A1E019819C0A008445DF = {
			isa = PBXGroup;
			children = (
				E4E5A1F219819C0A008445DF /* TicTacToe */,
				E4E5A21119819C0A008445DF /* TicTacToeTests */,
				E4E5A1EB19819C0A008445DF /* Frameworks */,
				E4E5A1EA19819C0A008445DF /* Products */,
			);
			sourceTree = "<group>";
		};
		E4E5A1EA19819C0A008445DF /* Products */ = {
			isa = PBXGroup;
			children = (
				E4E5A1E919819C0A008445DF /* TicTacToe.app */,
				E4E5A20A19819C0A008445DF /* TicTacToeTests.xctest */,
			);
			name = Products;
			sourceTree = "<group>";
		};
		E4E5A1EB19819C0A008445DF /* Frameworks */ = {
			isa = PBXGroup;
			children = (
				E4E5A1EC19819C0A008445DF /* Foundation.framework */,
				E4E5A1EE19819C0A008445DF /* CoreGraphics.framework */,
				E4E5A1F019819C0A008445DF /* UIKit.framework */,
				E4E5A20B19819C0A008445DF /* XCTest.framework */,
			);
			name = Frameworks;
			sourceTree = "<group>";
		};
		E4E5A1F219819C0A008445DF /* TicTacToe */ = {
			isa = PBXGroup;
			children = (
				E4E5A1FB19819C0A008445DF /* AppDelegate.h */,
				E4E5A1FC19819C0A008445DF /* AppDelegate.m */,
				E4E5A1FE19819C0A008445DF /* Main.storyboard */,
				E4E5A20119819C0A008445DF /* ViewController.h */,
				E4E5A20219819C0A008445DF /* ViewController.m */,
				E4E5A20419819C0A008445DF /* Images.xcassets */,
				E4E5A1F319819C0A008445DF /* Supporting Files */,
			);
			path = TicTacToe;
			sourceTree = "<group>";
		};
		E4E5A1F319819C0A008445DF /* Supporting Files */ = {
			isa = PBXGroup;
			children = (
				E4E5A1F419819C0A008445DF /* TicTacToe-Info.plist */,
				E4E5A1F519819C0A008445DF /* InfoPlist.strings */,
				E4E5A1F819819C0A008445DF /* main.m */,
				E4E5A1FA19819C0A008445DF /* TicTacToe-Prefix.pch */,
			);
			name = "Supporting Files";
			sourceTree = "<group>";
		};
		E4E5A21119819C0A008445DF /* TicTacToeTests */ = {
			isa = PBXGroup;
			children = (
				E4E5A21719819C0A008445DF /* TicTacToeTests.m */,
				E4E5A21219819C0A008445DF /* Supporting Files */,
			);
			path = TicTacToeTests;
			sourceTree = "<group>";
		};
		E4E5A21219819C0A008445DF /* Supporting Files */ = {
			isa = PBXGroup;
			children = (
				E4E5A21319819C0A008445DF /* TicTacToeTests-Info.plist */,
				E4E5A21419819C0A008445DF /* InfoPlist.strings */,
			);
			name = "Supporting Files";
			sourceTree = "<group>";
		};
/* End PBXGroup section */

/* Begin PBXNativeTarget section */
		E4E5A1E819819C0A008445DF /* TicTacToe */ = {
			isa = PBXNativeTarget;
			buildConfigurationList = E4E5A21B19819C0A008445DF /* Build configuration list for PBXNativeTarget "TicTacToe" */;
			buildPhases = (
				E4E5A1E519819C0A008445DF /* Sources */,
				E4E5A1E619819C0A008445DF /* Frameworks */,
				E4E5A1E719819C0A008445DF /* Resources */,
			);
			buildRules = (
			);
			dependencies = (
			);
			name = TicTacToe;
			productName = TicTacToe;
			productReference = E4E5A1E919819C0A008445DF /* TicTacToe.app */;
			productType = "com.apple.product-type.application";
		};
		E4E5A20919819C0A008445DF /* TicTacToeTests */ = {
			isa = PBXNativeTarget;
			buildConfigurationList = E4E5A21E19819C0A008445DF /* Build configuration list for PBXNativeTarget "TicTacToeTests" */;
			buildPhases = (
				E4E5A20619819C0A008445DF /* Sources */,
				E4E5A20719819C0A008445DF /* Frameworks */,
				E4E5A20819819C0A008445DF /* Resources */,
			);
			buildRules = (
			);
			dependencies = (
				E4E5A21019819C0A008445DF /* PBXTargetDependency */,
			);
			name = TicTacToeTests;
			productName = TicTacToeTests;
			productReference = E4E5A20A19819C0A008445DF /* TicTacToeTests.xctest */;
			productType = "com.apple.product-type.bundle.unit-test";
		};
/* End PBXNativeTarget section */

/* Begin PBXProject section */
		E4E5A1E119819C0A008445DF /* Project object */ = {
			isa = PBXProject;
			attributes = {
				LastUpgradeCheck = 0510;
				ORGANIZATIONNAME = "Mohit Odhrani";
				TargetAttributes = {
					E4E5A20919819C0A008445DF = {
						TestTargetID = E4E5A1E819819C0A008445DF;
					};
				};
			};
			buildConfigurationList = E4E5A1E419819C0A008445DF /* Build configuration list for PBXProject "TicTacToe" */;
			compatibilityVersion = "Xcode 3.2";
			developmentRegion = English;
			hasScannedForEncodings = 0;
			knownRegions = (
				en,
				Base,
			);
			mainGroup = E4E5A1E019819C0A008445DF;
			productRefGroup = E4E5A1EA19819C0A008445DF /* Products */;
			projectDirPath = "";
			projectRoot = "";
			targets = (
				E4E5A1E819819C0A008445DF /* TicTacToe */,
				E4E5A20919819C0A008445DF /* TicTacToeTests */,
			);
		};
/* End PBXProject section */

/* Begin PBXResourcesBuildPhase section */
		E4E5A1E719819C0A008445DF /* Resources */ = {
			isa = PBXResourcesBuildPhase;
			buildActionMask = 2147483647;
			files = (
				E4E5A20519819C0A008445DF /* Images.xcassets in Resources */,
				E4E5A1F719819C0A008445DF /* InfoPlist.strings in Resources */,
				E4E5A20019819C0A008445DF /* Main.storyboard in Resources */,
			);
			runOnlyForDeploymentPostprocessing = 0;
		};
		E4E5A20819819C0A008445DF /* Resources */ = {
			isa = PBXResourcesBuildPhase;
			buildActionMask = 2147483647;
			files = (
				E4E5A21619819C0A008445DF /* InfoPlist.strings in Resources */,
			);
			runOnlyForDeploymentPostprocessing = 0;
		};
/* End PBXResourcesBuildPhase section */

/* Begin PBXSourcesBuildPhase section */
		E4E5A1E519819C0A008445DF /* Sources */ = {
			isa = PBXSourcesBuildPhase;
			buildActionMask = 2147483647;
			files = (
				E4E5A20319819C0A008445DF /* ViewController.m in Sources */,
				E4E5A1FD19819C0A008445DF /* AppDelegate.m in Sources */,
				E4E5A1F919819C0A008445DF /* main.m in Sources */,
			);
			runOnlyForDeploymentPostprocessing = 0;
		};
		E4E5A20619819C0A008445DF /* Sources */ = {
			isa = PBXSourcesBuildPhase;
			buildActionMask = 2147483647;
			files = (
				E4E5A21819819C0A008445DF /* TicTacToeTests.m in Sources */,
			);
			runOnlyForDeploymentPostprocessing = 0;
		};
/* End PBXSourcesBuildPhase section */

/* Begin PBXTargetDependency section */
		E4E5A21019819C0A008445DF /* PBXTargetDependency */ = {
			isa = PBXTargetDependency;
			target = E4E5A1E819819C0A008445DF /* TicTacToe */;
			targetProxy = E4E5A20F19819C0A008445DF /* PBXContainerItemProxy */;
		};
/* End PBXTargetDependency section */

/* Begin PBXVariantGroup section */
		E4E5A1F519819C0A008445DF /* InfoPlist.strings */ = {
			isa = PBXVariantGroup;
			children = (
				E4E5A1F619819C0A008445DF /* en */,
			);
			name = InfoPlist.strings;
			sourceTree = "<group>";
		};
		E4E5A1FE19819C0A008445DF /* Main.storyboard */ = {
			isa = PBXVariantGroup;
			children = (
				E4E5A1FF19819C0A008445DF /* Base */,
			);
			name = Main.storyboard;
			sourceTree = "<group>";
		};
		E4E5A21419819C0A008445DF /* InfoPlist.strings */ = {
			isa = PBXVariantGroup;
			children = (
				E4E5A21519819C0A008445DF /* en */,
			);
			name = InfoPlist.strings;
			sourceTree = "<group>";
		};
/* End PBXVariantGroup section */

/* Begin XCBuildConfiguration section */
		E4E5A21919819C0A008445DF /* Debug */ = {
			isa = XCBuildConfiguration;
			buildSettings = {
				ALWAYS_SEARCH_USER_PATHS = NO;
				CLANG_CXX_LANGUAGE_STANDARD = "gnu++0x";
				CLANG_CXX_LIBRARY = "libc++";
				CLANG_ENABLE_MODULES = YES;
				CLANG_ENABLE_OBJC_ARC = YES;
				CLANG_WARN_BOOL_CONVERSION = YES;
				CLANG_WARN_CONSTANT_CONVERSION = YES;
				CLANG_WARN_DIRECT_OBJC_ISA_USAGE = YES_ERROR;
				CLANG_WARN_EMPTY_BODY = YES;
				CLANG_WARN_ENUM_CONVERSION = YES;
				CLANG_WARN_INT_CONVERSION = YES;
				CLANG_WARN_OBJC_ROOT_CLASS = YES_ERROR;
				CLANG_WARN__DUPLICATE_METHOD_MATCH = YES;
				"CODE_SIGN_IDENTITY[sdk=iphoneos*]" = "iPhone Developer";
				COPY_PHASE_STRIP = NO;
				GCC_C_LANGUAGE_STANDARD = gnu99;
				GCC_DYNAMIC_NO_PIC = NO;
				GCC_OPTIMIZATION_LEVEL = 0;
				GCC_PREPROCESSOR_DEFINITIONS = (
					"DEBUG=1",
					"$(inherited)",
				);
				GCC_SYMBOLS_PRIVATE_EXTERN = NO;
				GCC_WARN_64_TO_32_BIT_CONVERSION = YES;
				GCC_WARN_ABOUT_RETURN_TYPE = YES_ERROR;
				GCC_WARN_UNDECLARED_SELECTOR = YES;
				GCC_WARN_UNINITIALIZED_AUTOS = YES_AGGRESSIVE;
				GCC_WARN_UNUSED_FUNCTION = YES;
				GCC_WARN_UNUSED_VARIABLE = YES;
				IPHONEOS_DEPLOYMENT_TARGET = 7.1;
				ONLY_ACTIVE_ARCH = YES;
				SDKROOT = iphoneos;
			};
			name = Debug;
		};
		E4E5A21A19819C0A008445DF /* Release */ = {
			isa = XCBuildConfiguration;
			buildSettings = {
				ALWAYS_SEARCH_USER_PATHS = NO;
				CLANG_CXX_LANGUAGE_STANDARD = "gnu++0x";
				CLANG_CXX_LIBRARY = "libc++";
				CLANG_ENABLE_MODULES = YES;
				CLANG_ENABLE_OBJC_ARC = YES;
				CLANG_WARN_BOOL_CONVERSION = YES;
				CLANG_WARN_CONSTANT_CONVERSION = YES;
				CLANG_WARN_DIRECT_OBJC_ISA_USAGE = YES_ERROR;
				CLANG_WARN_EMPTY_BODY = YES;
				CLANG_WARN_ENUM_CONVERSION = YES;
				CLANG_WARN_INT_CONVERSION = YES;
				CLANG_WARN_OBJC_ROOT_CLASS = YES_ERROR;
				CLANG_WARN__DUPLICATE_METHOD_MATCH = YES;
				"CODE_SIGN_IDENTITY[sdk=iphoneos*]" = "iPhone Developer";
				COPY_PHASE_STRIP = YES;
				ENABLE_NS_ASSERTIONS = NO;
				GCC_C_LANGUAGE_STANDARD = gnu99;
				GCC_WARN_64_TO_32_BIT_CONVERSION = YES;
				GCC_WARN_ABOUT_RETURN_TYPE = YES_ERROR;
				GCC_WARN_UNDECLARED_SELECTOR = YES;
				GCC_WARN_UNINITIALIZED_AUTOS = YES_AGGRESSIVE;
				GCC_WARN_UNUSED_FUNCTION = YES;
				GCC_WARN_UNUSED_VARIABLE = YES;
				IPHONEOS_DEPLOYMENT_TARGET = 7.1;
				SDKROOT = iphoneos;
				VALIDATE_PRODUCT = YES;
			};
			name = Release;
		};
		E4E5A21C19819C0A008445DF /* Debug */ = {
			isa = XCBuildConfiguration;
			buildSettings = {
				ASSETCATALOG_COMPILER_APPICON_NAME = AppIcon;
				ASSETCATALOG_COMPILER_LAUNCHIMAGE_NAME = LaunchImage;
				GCC_PRECOMPILE_PREFIX_HEADER = YES;
				GCC_PREFIX_HEADER = "TicTacToe/TicTacToe-Prefix.pch";
				INFOPLIST_FILE = "TicTacToe/TicTacToe-Info.plist";
				PRODUCT_NAME = "$(TARGET_NAME)";
				WRAPPER_EXTENSION = app;
			};
			name = Debug;
		};
		E4E5A21D19819C0A008445DF /* Release */ = {
			isa = XCBuildConfiguration;
			buildSettings = {
				ASSETCATALOG_COMPILER_APPICON_NAME = AppIcon;
				ASSETCATALOG_COMPILER_LAUNCHIMAGE_NAME = LaunchImage;
				GCC_PRECOMPILE_PREFIX_HEADER = YES;
				GCC_PREFIX_HEADER = "TicTacToe/TicTacToe-Prefix.pch";
				INFOPLIST_FILE = "TicTacToe/TicTacToe-Info.plist";
				PRODUCT_NAME = "$(TARGET_NAME)";
				WRAPPER_EXTENSION = app;
			};
			name = Release;
		};
		E4E5A21F19819C0A008445DF /* Debug */ = {
			isa = XCBuildConfiguration;
			buildSettings = {
				BUNDLE_LOADER = "$(BUILT_PRODUCTS_DIR)/TicTacToe.app/TicTacToe";
				FRAMEWORK_SEARCH_PATHS = (
					"$(SDKROOT)/Developer/Library/Frameworks",
					"$(inherited)",
					"$(DEVELOPER_FRAMEWORKS_DIR)",
				);
				GCC_PRECOMPILE_PREFIX_HEADER = YES;
				GCC_PREFIX_HEADER = "TicTacToe/TicTacToe-Prefix.pch";
				GCC_PREPROCESSOR_DEFINITIONS = (
					"DEBUG=1",
					"$(inherited)",
				);
				INFOPLIST_FILE = "TicTacToeTests/TicTacToeTests-Info.plist";
				PRODUCT_NAME = "$(TARGET_NAME)";
				TEST_HOST = "$(BUNDLE_LOADER)";
				WRAPPER_EXTENSION = xctest;
			};
			name = Debug;
		};
		E4E5A22019819C0A008445DF /* Release */ = {
			isa = XCBuildConfiguration;
			buildSettings = {
				BUNDLE_LOADER = "$(BUILT_PRODUCTS_DIR)/TicTacToe.app/TicTacToe";
				FRAMEWORK_SEARCH_PATHS = (
					"$(SDKROOT)/Developer/Library/Frameworks",
					"$(inherited)",
					"$(DEVELOPER_FRAMEWORKS_DIR)",
				);
				GCC_PRECOMPILE_PREFIX_HEADER = YES;
				GCC_PREFIX_HEADER = "TicTacToe/TicTacToe-Prefix.pch";
				INFOPLIST_FILE = "TicTacToeTests/TicTacToeTests-Info.plist";
				PRODUCT_NAME = "$(TARGET_NAME)";
				TEST_HOST = "$(BUNDLE_LOADER)";
				WRAPPER_EXTENSION = xctest;
			};
			name = Release;
		};
/* End XCBuildConfiguration section */

/* Begin XCConfigurationList section */
		E4E5A1E419819C0A008445DF /* Build configuration list for PBXProject "TicTacToe" */ = {
			isa = XCConfigurationList;
			buildConfigurations = (
				E4E5A21919819C0A008445DF /* Debug */,
				E4E5A21A19819C0A008445DF /* Release */,
			);
			defaultConfigurationIsVisible = 0;
			defaultConfigurationName = Release;
		};
		E4E5A21B19819C0A008445DF /* Build configuration list for PBXNativeTarget "TicTacToe" */ = {
			isa = XCConfigurationList;
			buildConfigurations = (
				E4E5A21C19819C0A008445DF /* Debug */,
				E4E5A21D19819C0A008445DF /* Release */,
			);
			defaultConfigurationIsVisible = 0;
		};
		E4E5A21E19819C0A008445DF /* Build configuration list for PBXNativeTarget "TicTacToeTests" */ = {
			isa = XCConfigurationList;
			buildConfigurations = (
				E4E5A21F19819C0A008445DF /* Debug */,
				E4E5A22019819C0A008445DF /* Release */,
			);
			defaultConfigurationIsVisible = 0;
		};
/* End XCConfigurationList section */
	};
	rootObject = E4E5A1E119819C0A008445DF /* Project object */;
}
